<?xml version="1.0" encoding="utf-8"?>
<Project ToolsVersion="4.0" xmlns="http://schemas.microsoft.com/developer/msbuild/2003">
  <ItemGroup>
    <Filter Include="源文件">
      <UniqueIdentifier>{4FC737F1-C7A5-4376-A066-2A32D752A2FF}</UniqueIdentifier>
      <Extensions>cpp;c;cc;cxx;c++;cppm;ixx;def;odl;idl;hpj;bat;asm;asmx</Extensions>
    </Filter>
    <Filter Include="头文件">
      <UniqueIdentifier>{93995380-89BD-4b04-88EB-625FBE52EBFB}</UniqueIdentifier>
      <Extensions>h;hh;hpp;hxx;h++;hm;inl;inc;ipp;xsd</Extensions>
    </Filter>
    <Filter Include="资源文件">
      <UniqueIdentifier>{67DA6AB6-F800-4c08-8B7A-83BB121AAD01}</UniqueIdentifier>
      <Extensions>rc;ico;cur;bmp;dlg;rc2;rct;bin;rgs;gif;jpg;jpeg;jpe;resx;tiff;tif;png;wav;mfcribbon-ms</Extensions>
    </Filter>
  </ItemGroup>
  <ItemGroup>
    <ClCompile Include="1.2单行注释和多行注释.cpp">
      <Filter>源文件</Filter>
    </ClCompile>
    <ClCompile Include="1.3变量类型.cpp">
      <Filter>源文件</Filter>
    </ClCompile>
    <ClCompile Include="1.4定义的常量.cpp">
      <Filter>源文件</Filter>
    </ClCompile>
    <ClCompile Include="2.1整型.cpp">
      <Filter>源文件</Filter>
    </ClCompile>
    <ClCompile Include="2.2sizeof.cpp">
      <Filter>源文件</Filter>
    </ClCompile>
    <ClCompile Include="2.3浮点型.cpp">
      <Filter>源文件</Filter>
    </ClCompile>
    <ClCompile Include="2.4字符型变量数据.cpp">
      <Filter>源文件</Filter>
    </ClCompile>
    <ClCompile Include="2.5转义字符.cpp">
      <Filter>源文件</Filter>
    </ClCompile>
    <ClCompile Include="2.6字符串.cpp">
      <Filter>源文件</Filter>
    </ClCompile>
    <ClCompile Include="2.7bool数据类型.cpp">
      <Filter>源文件</Filter>
    </ClCompile>
    <ClCompile Include="2.8数据的输入.cpp">
      <Filter>源文件</Filter>
    </ClCompile>
    <ClCompile Include="3.1运算符.cpp">
      <Filter>源文件</Filter>
    </ClCompile>
    <ClCompile Include="3.2比较运算符.cpp">
      <Filter>源文件</Filter>
    </ClCompile>
    <ClCompile Include="4.1选择结构.cpp">
      <Filter>源文件</Filter>
    </ClCompile>
    <ClCompile Include="01案例三只小猪.cpp">
      <Filter>源文件</Filter>
    </ClCompile>
    <ClCompile Include="4.1.2三目运算符.cpp">
      <Filter>源文件</Filter>
    </ClCompile>
    <ClCompile Include="4.1.3switch.cpp">
      <Filter>源文件</Filter>
    </ClCompile>
    <ClCompile Include="4.2while.cpp">
      <Filter>源文件</Filter>
    </ClCompile>
    <ClCompile Include="02 猜数字循环.cpp">
      <Filter>源文件</Filter>
    </ClCompile>
    <ClCompile Include="4.2.2循环语句.cpp">
      <Filter>源文件</Filter>
    </ClCompile>
    <ClCompile Include="03水仙花数.cpp">
      <Filter>源文件</Filter>
    </ClCompile>
    <ClCompile Include="4.2.3for循环.cpp">
      <Filter>源文件</Filter>
    </ClCompile>
    <ClCompile Include="03敲桌子.cpp">
      <Filter>源文件</Filter>
    </ClCompile>
    <ClCompile Include="04嵌套循环.cpp">
      <Filter>源文件</Filter>
    </ClCompile>
    <ClCompile Include="05乘法表.cpp">
      <Filter>源文件</Filter>
    </ClCompile>
    <ClCompile Include="4.3continue.cpp">
      <Filter>源文件</Filter>
    </ClCompile>
    <ClCompile Include="跳转语句goto.cpp">
      <Filter>源文件</Filter>
    </ClCompile>
    <ClCompile Include="5.1数组.cpp">
      <Filter>源文件</Filter>
    </ClCompile>
    <ClCompile Include="5.1数组43.cpp">
      <Filter>源文件</Filter>
    </ClCompile>
    <ClCompile Include="5.1 三只小猪44.cpp">
      <Filter>源文件</Filter>
    </ClCompile>
    <ClCompile Include="5.1逆置数组45.cpp">
      <Filter>源文件</Filter>
    </ClCompile>
    <ClCompile Include="5.2.3冒泡排序.cpp">
      <Filter>源文件</Filter>
    </ClCompile>
    <ClCompile Include="48二维数组名.cpp">
      <Filter>源文件</Filter>
    </ClCompile>
    <ClCompile Include="49考试成绩统计.cpp">
      <Filter>源文件</Filter>
    </ClCompile>
    <ClCompile Include="50函数定义.cpp">
      <Filter>源文件</Filter>
    </ClCompile>
    <ClCompile Include="51函数值传递.cpp">
      <Filter>源文件</Filter>
    </ClCompile>
    <ClCompile Include="53函数的常见样式.cpp">
      <Filter>源文件</Filter>
    </ClCompile>
    <ClCompile Include="54函数的声明.cpp">
      <Filter>源文件</Filter>
    </ClCompile>
    <ClCompile Include="55函数的分文件编写.cpp">
      <Filter>源文件</Filter>
    </ClCompile>
    <ClCompile Include="56函数的分文件编写.cpp">
      <Filter>源文件</Filter>
    </ClCompile>
    <ClCompile Include="57指针.cpp">
      <Filter>源文件</Filter>
    </ClCompile>
    <ClCompile Include="58空指针野指针.cpp">
      <Filter>源文件</Filter>
    </ClCompile>
    <ClCompile Include="61指针和数组.cpp">
      <Filter>源文件</Filter>
    </ClCompile>
    <ClCompile Include="62指针和函数.cpp">
      <Filter>源文件</Filter>
    </ClCompile>
    <ClCompile Include="63指针数组函数.cpp">
      <Filter>源文件</Filter>
    </ClCompile>
    <ClCompile Include="64 结构体的定义和使用.cpp">
      <Filter>源文件</Filter>
    </ClCompile>
    <ClCompile Include="65结构体数组.cpp">
      <Filter>源文件</Filter>
    </ClCompile>
    <ClCompile Include="66通过指针来访问结构体变量的数据.cpp">
      <Filter>源文件</Filter>
    </ClCompile>
    <ClCompile Include="67结构体嵌套.cpp">
      <Filter>源文件</Filter>
    </ClCompile>
    <ClCompile Include="68结构体做函数参数.cpp">
      <Filter>源文件</Filter>
    </ClCompile>
    <ClCompile Include="69 const的使用场景.cpp">
      <Filter>源文件</Filter>
    </ClCompile>
    <ClCompile Include="70结构体案例1老师和学生.cpp">
      <Filter>源文件</Filter>
    </ClCompile>
    <ClCompile Include="71结构案例英雄升序排列.cpp">
      <Filter>源文件</Filter>
    </ClCompile>
  </ItemGroup>
  <ItemGroup>
    <ClInclude Include="swap.h">
      <Filter>头文件</Filter>
    </ClInclude>
  </ItemGroup>
</Project>